
Microsoft Visual Studio Solution File, Format Version 12.00
# Visual Studio 15
VisualStudioVersion = 15.0.27428.2015
MinimumVisualStudioVersion = 10.0.40219.1
Project("{FAE04EC0-301F-11D3-BF4B-00C04F79EFBC}") = "Hash Table", "Hash Table\Hash Table.csproj", "{7CE8046A-EDB7-4BFF-AAA5-C00CA17EA5F3}"
EndProject
Project("{FAE04EC0-301F-11D3-BF4B-00C04F79EFBC}") = "HashTableTests", "HashTableTests\HashTableTests.csproj", "{F1D8FCE3-0CB9-482E-8BAE-14B63D10C7E9}"
EndProject
Global
	GlobalSection(SolutionConfigurationPlatforms) = preSolution
		Debug|Any CPU = Debug|Any CPU
		Release|Any CPU = Release|Any CPU
	EndGlobalSection
	GlobalSection(ProjectConfigurationPlatforms) = postSolution
		{7CE8046A-EDB7-4BFF-AAA5-C00CA17EA5F3}.Debug|Any CPU.ActiveCfg = Debug|Any CPU
		{7CE8046A-EDB7-4BFF-AAA5-C00CA17EA5F3}.Debug|Any CPU.Build.0 = Debug|Any CPU
		{7CE8046A-EDB7-4BFF-AAA5-C00CA17EA5F3}.Release|Any CPU.ActiveCfg = Release|Any CPU
		{7CE8046A-EDB7-4BFF-AAA5-C00CA17EA5F3}.Release|Any CPU.Build.0 = Release|Any CPU
		{F1D8FCE3-0CB9-482E-8BAE-14B63D10C7E9}.Debug|Any CPU.ActiveCfg = Debug|Any CPU
		{F1D8FCE3-0CB9-482E-8BAE-14B63D10C7E9}.Debug|Any CPU.Build.0 = Debug|Any CPU
		{F1D8FCE3-0CB9-482E-8BAE-14B63D10C7E9}.Release|Any CPU.ActiveCfg = Release|Any CPU
		{F1D8FCE3-0CB9-482E-8BAE-14B63D10C7E9}.Release|Any CPU.Build.0 = Release|Any CPU
	EndGlobalSection
	GlobalSection(SolutionProperties) = preSolution
		HideSolutionNode = FALSE
	EndGlobalSection
	GlobalSection(ExtensibilityGlobals) = postSolution
		SolutionGuid = {2205277A-9D0C-4010-BC93-7344CE741786}
	EndGlobalSection
EndGlobal
